
Microsoft Visual Studio Solution File, Format Version 12.00
# Visual Studio Version 17
VisualStudioVersion = 17.1.32328.378
MinimumVisualStudioVersion = 10.0.40219.1
Project("{FAE04EC0-301F-11D3-BF4B-00C04F79EFBC}") = "MySecondHomeWorkV2", "MySecondHomeWorkV2\MySecondHomeWorkV2.csproj", "{672323FB-ACB8-41C7-AF34-131114F62410}"
EndProject
Global
	GlobalSection(SolutionConfigurationPlatforms) = preSolution
		Debug|Any CPU = Debug|Any CPU
		Release|Any CPU = Release|Any CPU
	EndGlobalSection
	GlobalSection(ProjectConfigurationPlatforms) = postSolution
		{672323FB-ACB8-41C7-AF34-131114F62410}.Debug|Any CPU.ActiveCfg = Debug|Any CPU
		{672323FB-ACB8-41C7-AF34-131114F62410}.Debug|Any CPU.Build.0 = Debug|Any CPU
		{672323FB-ACB8-41C7-AF34-131114F62410}.Release|Any CPU.ActiveCfg = Release|Any CPU
		{672323FB-ACB8-41C7-AF34-131114F62410}.Release|Any CPU.Build.0 = Release|Any CPU
	EndGlobalSection
	GlobalSection(SolutionProperties) = preSolution
		HideSolutionNode = FALSE
	EndGlobalSection
	GlobalSection(ExtensibilityGlobals) = postSolution
		SolutionGuid = {3796653C-2E98-4B64-98AD-4092A824164B}
	EndGlobalSection
EndGlobal
